{
  "name": "legotrack",
  "version": "1.0.0",
  "lockfileVersion": 1,
  "requires": true,
  "dependencies": {
    "@types/node": {
      "version": "10.5.2",
      "resolved": "https://registry.npmjs.org/@types/node/-/node-10.5.2.tgz",
      "integrity": "sha512-m9zXmifkZsMHZBOyxZWilMwmTlpC8x5Ty360JKTiXvlXZfBWYpsg9ZZvP/Ye+iZUh+Q+MxDLjItVTWIsfwz+8Q=="
    },
    "fingerprintjs2": {
      "version": "1.8.1",
      "resolved": "https://registry.npmjs.org/fingerprintjs2/-/fingerprintjs2-1.8.1.tgz",
      "integrity": "sha512-RvYf+c+w6AM0n56KzyBE+jwJtkhMwQAX+jLYjfMRSh30o+H0r8Ix1R8acJkkkFcvS8VDlPAgUnrFOzauBXVmRw=="
    },
    "optimal-select": {
      "version": "4.0.1",
      "resolved": "https://registry.npmjs.org/optimal-select/-/optimal-select-4.0.1.tgz",
      "integrity": "sha1-R959p6ObsJSf2a9UxvA1cVSPBMk="
    }
  }
}
